// !$*UTF8*$!
{
	archiveVersion = 1;
	classes = {
	};
	objectVersion = 46;
	objects = {

/* Begin PBXBuildFile section */
		386B891119E0455400159178 /* GasStation.m in Sources */ = {isa = PBXBuildFile; fileRef = 386B891019E0455400159178 /* GasStation.m */; };
		38A0740F19EF06A000DEABF1 /* QuartzCore.framework in Frameworks */ = {isa = PBXBuildFile; fileRef = 38A0740E19EF06A000DEABF1 /* QuartzCore.framework */; };
		D1D066D07D37495E8C9EB05D /* libPods.a in Frameworks */ = {isa = PBXBuildFile; fileRef = E217DEC74ACA420D93B84848 /* libPods.a */; };
		EC1CF39F19DA929800B6BD96 /* FilterView.xib in Resources */ = {isa = PBXBuildFile; fileRef = EC1CF39E19DA929800B6BD96 /* FilterView.xib */; };
		EC29F4F219FADC36002FE8E3 /* MKAnnotationView+WebCache.m in Sources */ = {isa = PBXBuildFile; fileRef = EC29F4F119FADC36002FE8E3 /* MKAnnotationView+WebCache.m */; };
		EC33E09219DD656C0025B88A /* FuelStationViewController.m in Sources */ = {isa = PBXBuildFile; fileRef = EC33E09119DD656C0025B88A /* FuelStationViewController.m */; };
		EC401CDD19E406F300C717E3 /* AdditionalServicesIcons.xcassets in Resources */ = {isa = PBXBuildFile; fileRef = EC401CDC19E406F300C717E3 /* AdditionalServicesIcons.xcassets */; };
		EC573B6319E2C33D001FE258 /* FuelIcons.xcassets in Resources */ = {isa = PBXBuildFile; fileRef = EC573B6219E2C33D001FE258 /* FuelIcons.xcassets */; };
		EC69C83719E2E68C00DA3CE1 /* ServiesIcons.xcassets in Resources */ = {isa = PBXBuildFile; fileRef = EC69C83619E2E68C00DA3CE1 /* ServiesIcons.xcassets */; };
		ECE52AAC19DB2CD200021978 /* FilterView.m in Sources */ = {isa = PBXBuildFile; fileRef = ECE52AAB19DB2CD200021978 /* FilterView.m */; };
		ECF74F9519D83EF80035E28B /* Foundation.framework in Frameworks */ = {isa = PBXBuildFile; fileRef = ECF74F9419D83EF80035E28B /* Foundation.framework */; };
		ECF74F9719D83EF80035E28B /* CoreGraphics.framework in Frameworks */ = {isa = PBXBuildFile; fileRef = ECF74F9619D83EF80035E28B /* CoreGraphics.framework */; };
		ECF74F9919D83EF80035E28B /* UIKit.framework in Frameworks */ = {isa = PBXBuildFile; fileRef = ECF74F9819D83EF80035E28B /* UIKit.framework */; };
		ECF74F9F19D83EF80035E28B /* InfoPlist.strings in Resources */ = {isa = PBXBuildFile; fileRef = ECF74F9D19D83EF80035E28B /* InfoPlist.strings */; };
		ECF74FA119D83EF80035E28B /* main.m in Sources */ = {isa = PBXBuildFile; fileRef = ECF74FA019D83EF80035E28B /* main.m */; };
		ECF74FA519D83EF80035E28B /* AppDelegate.m in Sources */ = {isa = PBXBuildFile; fileRef = ECF74FA419D83EF80035E28B /* AppDelegate.m */; };
		ECF74FA819D83EF80035E28B /* Main.storyboard in Resources */ = {isa = PBXBuildFile; fileRef = ECF74FA619D83EF80035E28B /* Main.storyboard */; };
		ECF74FAB19D83EF80035E28B /* ViewController.m in Sources */ = {isa = PBXBuildFile; fileRef = ECF74FAA19D83EF80035E28B /* ViewController.m */; };
		ECF74FAD19D83EF80035E28B /* Images.xcassets in Resources */ = {isa = PBXBuildFile; fileRef = ECF74FAC19D83EF80035E28B /* Images.xcassets */; };
		ECF74FCA19D8406B0035E28B /* MapKit.framework in Frameworks */ = {isa = PBXBuildFile; fileRef = ECF74FC919D8406B0035E28B /* MapKit.framework */; };
		ECF74FCF19D843390035E28B /* PullableView.m in Sources */ = {isa = PBXBuildFile; fileRef = ECF74FCE19D843390035E28B /* PullableView.m */; };
		ECF74FD219D84AD50035E28B /* ProfileViewController.m in Sources */ = {isa = PBXBuildFile; fileRef = ECF74FD119D84AD50035E28B /* ProfileViewController.m */; };
/* End PBXBuildFile section */

/* Begin PBXFileReference section */
		386B890F19E0455400159178 /* GasStation.h */ = {isa = PBXFileReference; fileEncoding = 4; lastKnownFileType = sourcecode.c.h; path = GasStation.h; sourceTree = "<group>"; };
		386B891019E0455400159178 /* GasStation.m */ = {isa = PBXFileReference; fileEncoding = 4; lastKnownFileType = sourcecode.c.objc; path = GasStation.m; sourceTree = "<group>"; };
		38A0740E19EF06A000DEABF1 /* QuartzCore.framework */ = {isa = PBXFileReference; lastKnownFileType = wrapper.framework; name = QuartzCore.framework; path = System/Library/Frameworks/QuartzCore.framework; sourceTree = SDKROOT; };
		728EB32347E14CB7374339DD /* Pods.debug.xcconfig */ = {isa = PBXFileReference; includeInIndex = 1; lastKnownFileType = text.xcconfig; name = Pods.debug.xcconfig; path = "Pods/Target Support Files/Pods/Pods.debug.xcconfig"; sourceTree = "<group>"; };
		CBCD46D7FE8E8ACD3FBA4A93 /* Pods.release.xcconfig */ = {isa = PBXFileReference; includeInIndex = 1; lastKnownFileType = text.xcconfig; name = Pods.release.xcconfig; path = "Pods/Target Support Files/Pods/Pods.release.xcconfig"; sourceTree = "<group>"; };
		E217DEC74ACA420D93B84848 /* libPods.a */ = {isa = PBXFileReference; explicitFileType = archive.ar; includeInIndex = 0; path = libPods.a; sourceTree = BUILT_PRODUCTS_DIR; };
		EC1CF39E19DA929800B6BD96 /* FilterView.xib */ = {isa = PBXFileReference; fileEncoding = 4; lastKnownFileType = file.xib; path = FilterView.xib; sourceTree = "<group>"; };
		EC29F4F019FADC36002FE8E3 /* MKAnnotationView+WebCache.h */ = {isa = PBXFileReference; fileEncoding = 4; lastKnownFileType = sourcecode.c.h; path = "MKAnnotationView+WebCache.h"; sourceTree = "<group>"; };
		EC29F4F119FADC36002FE8E3 /* MKAnnotationView+WebCache.m */ = {isa = PBXFileReference; fileEncoding = 4; lastKnownFileType = sourcecode.c.objc; path = "MKAnnotationView+WebCache.m"; sourceTree = "<group>"; };
		EC33E09019DD656C0025B88A /* FuelStationViewController.h */ = {isa = PBXFileReference; fileEncoding = 4; lastKnownFileType = sourcecode.c.h; path = FuelStationViewController.h; sourceTree = "<group>"; };
		EC33E09119DD656C0025B88A /* FuelStationViewController.m */ = {isa = PBXFileReference; fileEncoding = 4; lastKnownFileType = sourcecode.c.objc; path = FuelStationViewController.m; sourceTree = "<group>"; };
		EC401CDC19E406F300C717E3 /* AdditionalServicesIcons.xcassets */ = {isa = PBXFileReference; lastKnownFileType = folder.assetcatalog; path = AdditionalServicesIcons.xcassets; sourceTree = "<group>"; };
		EC573B6219E2C33D001FE258 /* FuelIcons.xcassets */ = {isa = PBXFileReference; lastKnownFileType = folder.assetcatalog; name = FuelIcons.xcassets; path = ../FuelIcons.xcassets; sourceTree = "<group>"; };
		EC69C83619E2E68C00DA3CE1 /* ServiesIcons.xcassets */ = {isa = PBXFileReference; lastKnownFileType = folder.assetcatalog; path = ServiesIcons.xcassets; sourceTree = "<group>"; };
		ECE52AAA19DB2CD200021978 /* FilterView.h */ = {isa = PBXFileReference; fileEncoding = 4; lastKnownFileType = sourcecode.c.h; path = FilterView.h; sourceTree = "<group>"; };
		ECE52AAB19DB2CD200021978 /* FilterView.m */ = {isa = PBXFileReference; fileEncoding = 4; lastKnownFileType = sourcecode.c.objc; path = FilterView.m; sourceTree = "<group>"; };
		ECF74F9119D83EF80035E28B /* TOPDON.app */ = {isa = PBXFileReference; explicitFileType = wrapper.application; includeInIndex = 0; path = TOPDON.app; sourceTree = BUILT_PRODUCTS_DIR; };
		ECF74F9419D83EF80035E28B /* Foundation.framework */ = {isa = PBXFileReference; lastKnownFileType = wrapper.framework; name = Foundation.framework; path = System/Library/Frameworks/Foundation.framework; sourceTree = SDKROOT; };
		ECF74F9619D83EF80035E28B /* CoreGraphics.framework */ = {isa = PBXFileReference; lastKnownFileType = wrapper.framework; name = CoreGraphics.framework; path = System/Library/Frameworks/CoreGraphics.framework; sourceTree = SDKROOT; };
		ECF74F9819D83EF80035E28B /* UIKit.framework */ = {isa = PBXFileReference; lastKnownFileType = wrapper.framework; name = UIKit.framework; path = System/Library/Frameworks/UIKit.framework; sourceTree = SDKROOT; };
		ECF74F9C19D83EF80035E28B /* TopDon-Info.plist */ = {isa = PBXFileReference; lastKnownFileType = text.plist.xml; path = "TopDon-Info.plist"; sourceTree = "<group>"; };
		ECF74F9E19D83EF80035E28B /* en */ = {isa = PBXFileReference; lastKnownFileType = text.plist.strings; name = en; path = en.lproj/InfoPlist.strings; sourceTree = "<group>"; };
		ECF74FA019D83EF80035E28B /* main.m */ = {isa = PBXFileReference; lastKnownFileType = sourcecode.c.objc; path = main.m; sourceTree = "<group>"; };
		ECF74FA219D83EF80035E28B /* TopDon-Prefix.pch */ = {isa = PBXFileReference; lastKnownFileType = sourcecode.c.h; path = "TopDon-Prefix.pch"; sourceTree = "<group>"; };
		ECF74FA319D83EF80035E28B /* AppDelegate.h */ = {isa = PBXFileReference; lastKnownFileType = sourcecode.c.h; path = AppDelegate.h; sourceTree = "<group>"; };
		ECF74FA419D83EF80035E28B /* AppDelegate.m */ = {isa = PBXFileReference; lastKnownFileType = sourcecode.c.objc; path = AppDelegate.m; sourceTree = "<group>"; };
		ECF74FA719D83EF80035E28B /* Base */ = {isa = PBXFileReference; lastKnownFileType = file.storyboard; name = Base; path = Base.lproj/Main.storyboard; sourceTree = "<group>"; };
		ECF74FA919D83EF80035E28B /* ViewController.h */ = {isa = PBXFileReference; lastKnownFileType = sourcecode.c.h; path = ViewController.h; sourceTree = "<group>"; };
		ECF74FAA19D83EF80035E28B /* ViewController.m */ = {isa = PBXFileReference; lastKnownFileType = sourcecode.c.objc; path = ViewController.m; sourceTree = "<group>"; };
		ECF74FAC19D83EF80035E28B /* Images.xcassets */ = {isa = PBXFileReference; lastKnownFileType = folder.assetcatalog; path = Images.xcassets; sourceTree = "<group>"; };
		ECF74FB319D83EF80035E28B /* XCTest.framework */ = {isa = PBXFileReference; lastKnownFileType = wrapper.framework; name = XCTest.framework; path = Library/Frameworks/XCTest.framework; sourceTree = DEVELOPER_DIR; };
		ECF74FC919D8406B0035E28B /* MapKit.framework */ = {isa = PBXFileReference; lastKnownFileType = wrapper.framework; name = MapKit.framework; path = System/Library/Frameworks/MapKit.framework; sourceTree = SDKROOT; };
		ECF74FCD19D843390035E28B /* PullableView.h */ = {isa = PBXFileReference; fileEncoding = 4; lastKnownFileType = sourcecode.c.h; path = PullableView.h; sourceTree = "<group>"; };
		ECF74FCE19D843390035E28B /* PullableView.m */ = {isa = PBXFileReference; fileEncoding = 4; lastKnownFileType = sourcecode.c.objc; path = PullableView.m; sourceTree = "<group>"; };
		ECF74FD019D84AD50035E28B /* ProfileViewController.h */ = {isa = PBXFileReference; fileEncoding = 4; lastKnownFileType = sourcecode.c.h; path = ProfileViewController.h; sourceTree = "<group>"; };
		ECF74FD119D84AD50035E28B /* ProfileViewController.m */ = {isa = PBXFileReference; fileEncoding = 4; lastKnownFileType = sourcecode.c.objc; path = ProfileViewController.m; sourceTree = "<group>"; };
/* End PBXFileReference section */

/* Begin PBXFrameworksBuildPhase section */
		ECF74F8E19D83EF80035E28B /* Frameworks */ = {
			isa = PBXFrameworksBuildPhase;
			buildActionMask = 2147483647;
			files = (
				38A0740F19EF06A000DEABF1 /* QuartzCore.framework in Frameworks */,
				ECF74FCA19D8406B0035E28B /* MapKit.framework in Frameworks */,
				ECF74F9719D83EF80035E28B /* CoreGraphics.framework in Frameworks */,
				ECF74F9919D83EF80035E28B /* UIKit.framework in Frameworks */,
				ECF74F9519D83EF80035E28B /* Foundation.framework in Frameworks */,
				D1D066D07D37495E8C9EB05D /* libPods.a in Frameworks */,
			);
			runOnlyForDeploymentPostprocessing = 0;
		};
/* End PBXFrameworksBuildPhase section */

/* Begin PBXGroup section */
		10DFCF7A1116D80153C892E7 /* Pods */ = {
			isa = PBXGroup;
			children = (
				728EB32347E14CB7374339DD /* Pods.debug.xcconfig */,
				CBCD46D7FE8E8ACD3FBA4A93 /* Pods.release.xcconfig */,
			);
			name = Pods;
			sourceTree = "<group>";
		};
		EC29F4EF19FADC36002FE8E3 /* MKAnnotationView+WebCache */ = {
			isa = PBXGroup;
			children = (
				EC29F4F019FADC36002FE8E3 /* MKAnnotationView+WebCache.h */,
				EC29F4F119FADC36002FE8E3 /* MKAnnotationView+WebCache.m */,
			);
			path = "MKAnnotationView+WebCache";
			sourceTree = "<group>";
		};
		ECF74F8819D83EF80035E28B = {
			isa = PBXGroup;
			children = (
				ECF74FCB19D8426D0035E28B /* 3rdParties */,
				ECF74F9A19D83EF80035E28B /* TopDon */,
				ECF74F9319D83EF80035E28B /* Frameworks */,
				ECF74F9219D83EF80035E28B /* Products */,
				10DFCF7A1116D80153C892E7 /* Pods */,
			);
			sourceTree = "<group>";
		};
		ECF74F9219D83EF80035E28B /* Products */ = {
			isa = PBXGroup;
			children = (
				ECF74F9119D83EF80035E28B /* TOPDON.app */,
			);
			name = Products;
			sourceTree = "<group>";
		};
		ECF74F9319D83EF80035E28B /* Frameworks */ = {
			isa = PBXGroup;
			children = (
				38A0740E19EF06A000DEABF1 /* QuartzCore.framework */,
				ECF74FC919D8406B0035E28B /* MapKit.framework */,
				ECF74F9419D83EF80035E28B /* Foundation.framework */,
				ECF74F9619D83EF80035E28B /* CoreGraphics.framework */,
				ECF74F9819D83EF80035E28B /* UIKit.framework */,
				ECF74FB319D83EF80035E28B /* XCTest.framework */,
				E217DEC74ACA420D93B84848 /* libPods.a */,
			);
			name = Frameworks;
			sourceTree = "<group>";
		};
		ECF74F9A19D83EF80035E28B /* TopDon */ = {
			isa = PBXGroup;
			children = (
				EC573B6219E2C33D001FE258 /* FuelIcons.xcassets */,
				ECF74FA319D83EF80035E28B /* AppDelegate.h */,
				ECF74FA419D83EF80035E28B /* AppDelegate.m */,
				ECF74FA619D83EF80035E28B /* Main.storyboard */,
				ECF74FA919D83EF80035E28B /* ViewController.h */,
				ECF74FAA19D83EF80035E28B /* ViewController.m */,
				ECF74FAC19D83EF80035E28B /* Images.xcassets */,
				ECF74F9B19D83EF80035E28B /* Supporting Files */,
				ECF74FD019D84AD50035E28B /* ProfileViewController.h */,
				ECF74FD119D84AD50035E28B /* ProfileViewController.m */,
				EC1CF39E19DA929800B6BD96 /* FilterView.xib */,
				ECE52AAA19DB2CD200021978 /* FilterView.h */,
				ECE52AAB19DB2CD200021978 /* FilterView.m */,
				EC33E09019DD656C0025B88A /* FuelStationViewController.h */,
				EC33E09119DD656C0025B88A /* FuelStationViewController.m */,
				386B890F19E0455400159178 /* GasStation.h */,
				386B891019E0455400159178 /* GasStation.m */,
				EC69C83619E2E68C00DA3CE1 /* ServiesIcons.xcassets */,
				EC401CDC19E406F300C717E3 /* AdditionalServicesIcons.xcassets */,
			);
			path = TopDon;
			sourceTree = "<group>";
		};
		ECF74F9B19D83EF80035E28B /* Supporting Files */ = {
			isa = PBXGroup;
			children = (
				ECF74F9C19D83EF80035E28B /* TopDon-Info.plist */,
				ECF74F9D19D83EF80035E28B /* InfoPlist.strings */,
				ECF74FA019D83EF80035E28B /* main.m */,
				ECF74FA219D83EF80035E28B /* TopDon-Prefix.pch */,
			);
			name = "Supporting Files";
			sourceTree = "<group>";
		};
		ECF74FCB19D8426D0035E28B /* 3rdParties */ = {
			isa = PBXGroup;
			children = (
				EC29F4EF19FADC36002FE8E3 /* MKAnnotationView+WebCache */,
				ECF74FCC19D843390035E28B /* Pullable View */,
			);
			path = 3rdParties;
			sourceTree = "<group>";
		};
		ECF74FCC19D843390035E28B /* Pullable View */ = {
			isa = PBXGroup;
			children = (
				ECF74FCD19D843390035E28B /* PullableView.h */,
				ECF74FCE19D843390035E28B /* PullableView.m */,
			);
			path = "Pullable View";
			sourceTree = "<group>";
		};
/* End PBXGroup section */

/* Begin PBXNativeTarget section */
		ECF74F9019D83EF80035E28B /* TOPDON */ = {
			isa = PBXNativeTarget;
			buildConfigurationList = ECF74FC319D83EF80035E28B /* Build configuration list for PBXNativeTarget "TOPDON" */;
			buildPhases = (
				8C81A8AAE18441408E413020 /* Check Pods Manifest.lock */,
				ECF74F8D19D83EF80035E28B /* Sources */,
				ECF74F8E19D83EF80035E28B /* Frameworks */,
				ECF74F8F19D83EF80035E28B /* Resources */,
				7B06E1A63280451D90AFBC0E /* Copy Pods Resources */,
			);
			buildRules = (
			);
			dependencies = (
			);
			name = TOPDON;
			productName = TopDon;
			productReference = ECF74F9119D83EF80035E28B /* TOPDON.app */;
			productType = "com.apple.product-type.application";
		};
/* End PBXNativeTarget section */

/* Begin PBXProject section */
		ECF74F8919D83EF80035E28B /* Project object */ = {
			isa = PBXProject;
			attributes = {
				LastUpgradeCheck = 0510;
				ORGANIZATIONNAME = "Pavel Yankelevich";
				TargetAttributes = {
					ECF74F9019D83EF80035E28B = {
						DevelopmentTeam = 6SA63874LB;
					};
				};
			};
			buildConfigurationList = ECF74F8C19D83EF80035E28B /* Build configuration list for PBXProject "TopDon" */;
			compatibilityVersion = "Xcode 3.2";
			developmentRegion = English;
			hasScannedForEncodings = 0;
			knownRegions = (
				en,
				Base,
			);
			mainGroup = ECF74F8819D83EF80035E28B;
			productRefGroup = ECF74F9219D83EF80035E28B /* Products */;
			projectDirPath = "";
			projectRoot = "";
			targets = (
				ECF74F9019D83EF80035E28B /* TOPDON */,
			);
		};
/* End PBXProject section */

/* Begin PBXResourcesBuildPhase section */
		ECF74F8F19D83EF80035E28B /* Resources */ = {
			isa = PBXResourcesBuildPhase;
			buildActionMask = 2147483647;
			files = (
				EC1CF39F19DA929800B6BD96 /* FilterView.xib in Resources */,
				EC573B6319E2C33D001FE258 /* FuelIcons.xcassets in Resources */,
				EC69C83719E2E68C00DA3CE1 /* ServiesIcons.xcassets in Resources */,
				ECF74FAD19D83EF80035E28B /* Images.xcassets in Resources */,
				ECF74F9F19D83EF80035E28B /* InfoPlist.strings in Resources */,
				ECF74FA819D83EF80035E28B /* Main.storyboard in Resources */,
				EC401CDD19E406F300C717E3 /* AdditionalServicesIcons.xcassets in Resources */,
			);
			runOnlyForDeploymentPostprocessing = 0;
		};
/* End PBXResourcesBuildPhase section */

/* Begin PBXShellScriptBuildPhase section */
		7B06E1A63280451D90AFBC0E /* Copy Pods Resources */ = {
			isa = PBXShellScriptBuildPhase;
			buildActionMask = 2147483647;
			files = (
			);
			inputPaths = (
			);
			name = "Copy Pods Resources";
			outputPaths = (
			);
			runOnlyForDeploymentPostprocessing = 0;
			shellPath = /bin/sh;
			shellScript = "\"${SRCROOT}/Pods/Target Support Files/Pods/Pods-resources.sh\"\n";
			showEnvVarsInLog = 0;
		};
		8C81A8AAE18441408E413020 /* Check Pods Manifest.lock */ = {
			isa = PBXShellScriptBuildPhase;
			buildActionMask = 2147483647;
			files = (
			);
			inputPaths = (
			);
			name = "Check Pods Manifest.lock";
			outputPaths = (
			);
			runOnlyForDeploymentPostprocessing = 0;
			shellPath = /bin/sh;
			shellScript = "diff \"${PODS_ROOT}/../Podfile.lock\" \"${PODS_ROOT}/Manifest.lock\" > /dev/null\nif [[ $? != 0 ]] ; then\n    cat << EOM\nerror: The sandbox is not in sync with the Podfile.lock. Run 'pod install' or update your CocoaPods installation.\nEOM\n    exit 1\nfi\n";
			showEnvVarsInLog = 0;
		};
/* End PBXShellScriptBuildPhase section */

/* Begin PBXSourcesBuildPhase section */
		ECF74F8D19D83EF80035E28B /* Sources */ = {
			isa = PBXSourcesBuildPhase;
			buildActionMask = 2147483647;
			files = (
				ECF74FAB19D83EF80035E28B /* ViewController.m in Sources */,
				ECF74FCF19D843390035E28B /* PullableView.m in Sources */,
				ECF74FA519D83EF80035E28B /* AppDelegate.m in Sources */,
				ECF74FA119D83EF80035E28B /* main.m in Sources */,
				386B891119E0455400159178 /* GasStation.m in Sources */,
				ECE52AAC19DB2CD200021978 /* FilterView.m in Sources */,
				EC33E09219DD656C0025B88A /* FuelStationViewController.m in Sources */,
				ECF74FD219D84AD50035E28B /* ProfileViewController.m in Sources */,
				EC29F4F219FADC36002FE8E3 /* MKAnnotationView+WebCache.m in Sources */,
			);
			runOnlyForDeploymentPostprocessing = 0;
		};
/* End PBXSourcesBuildPhase section */

/* Begin PBXVariantGroup section */
		ECF74F9D19D83EF80035E28B /* InfoPlist.strings */ = {
			isa = PBXVariantGroup;
			children = (
				ECF74F9E19D83EF80035E28B /* en */,
			);
			name = InfoPlist.strings;
			sourceTree = "<group>";
		};
		ECF74FA619D83EF80035E28B /* Main.storyboard */ = {
			isa = PBXVariantGroup;
			children = (
				ECF74FA719D83EF80035E28B /* Base */,
			);
			name = Main.storyboard;
			sourceTree = "<group>";
		};
/* End PBXVariantGroup section */

/* Begin XCBuildConfiguration section */
		ECF74FC119D83EF80035E28B /* Debug */ = {
			isa = XCBuildConfiguration;
			buildSettings = {
				ALWAYS_SEARCH_USER_PATHS = NO;
				CLANG_CXX_LANGUAGE_STANDARD = "gnu++0x";
				CLANG_CXX_LIBRARY = "libc++";
				CLANG_ENABLE_MODULES = YES;
				CLANG_ENABLE_OBJC_ARC = YES;
				CLANG_WARN_BOOL_CONVERSION = YES;
				CLANG_WARN_CONSTANT_CONVERSION = YES;
				CLANG_WARN_DIRECT_OBJC_ISA_USAGE = YES_ERROR;
				CLANG_WARN_EMPTY_BODY = YES;
				CLANG_WARN_ENUM_CONVERSION = YES;
				CLANG_WARN_INT_CONVERSION = YES;
				CLANG_WARN_OBJC_ROOT_CLASS = YES_ERROR;
				CLANG_WARN__DUPLICATE_METHOD_MATCH = YES;
				"CODE_SIGN_IDENTITY[sdk=iphoneos*]" = "iPhone Developer";
				COPY_PHASE_STRIP = NO;
				GCC_C_LANGUAGE_STANDARD = gnu99;
				GCC_DYNAMIC_NO_PIC = NO;
				GCC_OPTIMIZATION_LEVEL = 0;
				GCC_PREPROCESSOR_DEFINITIONS = (
					"DEBUG=1",
					"$(inherited)",
				);
				GCC_SYMBOLS_PRIVATE_EXTERN = NO;
				GCC_WARN_64_TO_32_BIT_CONVERSION = YES;
				GCC_WARN_ABOUT_RETURN_TYPE = YES_ERROR;
				GCC_WARN_UNDECLARED_SELECTOR = YES;
				GCC_WARN_UNINITIALIZED_AUTOS = YES_AGGRESSIVE;
				GCC_WARN_UNUSED_FUNCTION = YES;
				GCC_WARN_UNUSED_VARIABLE = YES;
				IPHONEOS_DEPLOYMENT_TARGET = 7.1;
				ONLY_ACTIVE_ARCH = YES;
				SDKROOT = iphoneos;
			};
			name = Debug;
		};
		ECF74FC219D83EF80035E28B /* Release */ = {
			isa = XCBuildConfiguration;
			buildSettings = {
				ALWAYS_SEARCH_USER_PATHS = NO;
				CLANG_CXX_LANGUAGE_STANDARD = "gnu++0x";
				CLANG_CXX_LIBRARY = "libc++";
				CLANG_ENABLE_MODULES = YES;
				CLANG_ENABLE_OBJC_ARC = YES;
				CLANG_WARN_BOOL_CONVERSION = YES;
				CLANG_WARN_CONSTANT_CONVERSION = YES;
				CLANG_WARN_DIRECT_OBJC_ISA_USAGE = YES_ERROR;
				CLANG_WARN_EMPTY_BODY = YES;
				CLANG_WARN_ENUM_CONVERSION = YES;
				CLANG_WARN_INT_CONVERSION = YES;
				CLANG_WARN_OBJC_ROOT_CLASS = YES_ERROR;
				CLANG_WARN__DUPLICATE_METHOD_MATCH = YES;
				"CODE_SIGN_IDENTITY[sdk=iphoneos*]" = "iPhone Developer";
				COPY_PHASE_STRIP = YES;
				ENABLE_NS_ASSERTIONS = NO;
				GCC_C_LANGUAGE_STANDARD = gnu99;
				GCC_WARN_64_TO_32_BIT_CONVERSION = YES;
				GCC_WARN_ABOUT_RETURN_TYPE = YES_ERROR;
				GCC_WARN_UNDECLARED_SELECTOR = YES;
				GCC_WARN_UNINITIALIZED_AUTOS = YES_AGGRESSIVE;
				GCC_WARN_UNUSED_FUNCTION = YES;
				GCC_WARN_UNUSED_VARIABLE = YES;
				IPHONEOS_DEPLOYMENT_TARGET = 7.1;
				SDKROOT = iphoneos;
				VALIDATE_PRODUCT = YES;
			};
			name = Release;
		};
		ECF74FC419D83EF80035E28B /* Debug */ = {
			isa = XCBuildConfiguration;
			baseConfigurationReference = 728EB32347E14CB7374339DD /* Pods.debug.xcconfig */;
			buildSettings = {
				ASSETCATALOG_COMPILER_APPICON_NAME = AppIcon;
				ASSETCATALOG_COMPILER_LAUNCHIMAGE_NAME = LaunchImage;
				CODE_SIGN_IDENTITY = "iPhone Developer: Alexander Dolgov (3879A83D2K)";
				"CODE_SIGN_IDENTITY[sdk=iphoneos*]" = "iPhone Developer: Alexander Dolgov (3879A83D2K)";
				CODE_SIGN_RESOURCE_RULES_PATH = "$(SDKROOT)/ResourceRules.plist";
				GCC_PRECOMPILE_PREFIX_HEADER = YES;
				GCC_PREFIX_HEADER = "TopDon/TopDon-Prefix.pch";
				INFOPLIST_FILE = "TopDon/TopDon-Info.plist";
				PRODUCT_NAME = "$(TARGET_NAME)";
				PROVISIONING_PROFILE = "253ad7a0-ae82-4a60-9217-b553e86c35ab";
				USER_HEADER_SEARCH_PATHS = "/3rdParties/**";
				WRAPPER_EXTENSION = app;
			};
			name = Debug;
		};
		ECF74FC519D83EF80035E28B /* Release */ = {
			isa = XCBuildConfiguration;
			baseConfigurationReference = CBCD46D7FE8E8ACD3FBA4A93 /* Pods.release.xcconfig */;
			buildSettings = {
				ASSETCATALOG_COMPILER_APPICON_NAME = AppIcon;
				ASSETCATALOG_COMPILER_LAUNCHIMAGE_NAME = LaunchImage;
				CODE_SIGN_IDENTITY = "iPhone Developer: Alexander Dolgov (3879A83D2K)";
				"CODE_SIGN_IDENTITY[sdk=iphoneos*]" = "iPhone Developer: Alexander Dolgov (3879A83D2K)";
				CODE_SIGN_RESOURCE_RULES_PATH = "$(SDKROOT)/ResourceRules.plist";
				GCC_PRECOMPILE_PREFIX_HEADER = YES;
				GCC_PREFIX_HEADER = "TopDon/TopDon-Prefix.pch";
				INFOPLIST_FILE = "TopDon/TopDon-Info.plist";
				PRODUCT_NAME = "$(TARGET_NAME)";
				PROVISIONING_PROFILE = "253ad7a0-ae82-4a60-9217-b553e86c35ab";
				USER_HEADER_SEARCH_PATHS = "/3rdParties/**";
				WRAPPER_EXTENSION = app;
			};
			name = Release;
		};
/* End XCBuildConfiguration section */

/* Begin XCConfigurationList section */
		ECF74F8C19D83EF80035E28B /* Build configuration list for PBXProject "TopDon" */ = {
			isa = XCConfigurationList;
			buildConfigurations = (
				ECF74FC119D83EF80035E28B /* Debug */,
				ECF74FC219D83EF80035E28B /* Release */,
			);
			defaultConfigurationIsVisible = 0;
			defaultConfigurationName = Release;
		};
		ECF74FC319D83EF80035E28B /* Build configuration list for PBXNativeTarget "TOPDON" */ = {
			isa = XCConfigurationList;
			buildConfigurations = (
				ECF74FC419D83EF80035E28B /* Debug */,
				ECF74FC519D83EF80035E28B /* Release */,
			);
			defaultConfigurationIsVisible = 0;
			defaultConfigurationName = Release;
		};
/* End XCConfigurationList section */
	};
	rootObject = ECF74F8919D83EF80035E28B /* Project object */;
}
